{
  "requires": true,
  "lockfileVersion": 1,
  "dependencies": {
    "express-cluster": {
      "version": "0.0.5",
      "resolved": "https://registry.npmjs.org/express-cluster/-/express-cluster-0.0.5.tgz",
      "integrity": "sha512-Wo0i4YFdj1341nkCxXO9zcO6ZGgiTiFEi+KMwE8bZexGg1sY2GmeDyHHEUDI+zSUJsQDSlT1EQSBnh5XaPIFVQ=="
    },
    "os": {
      "version": "0.1.1",
      "resolved": "https://registry.npmjs.org/os/-/os-0.1.1.tgz",
      "integrity": "sha1-IIhF6J4ZOtTZcUdLk5R3NqVtE/M="
    }
  }
}
